// !$*UTF8*$!
{
	archiveVersion = 1;
	classes = {
	};
	objectVersion = 56;
	objects = {

/* Begin PBXBuildFile section */
		0D0E8D022993CE6C00DE4CB6 /* AppDelegate.swift in Sources */ = {isa = PBXBuildFile; fileRef = 0D0E8D012993CE6C00DE4CB6 /* AppDelegate.swift */; };
		0D0E8D042993CE6C00DE4CB6 /* SceneDelegate.swift in Sources */ = {isa = PBXBuildFile; fileRef = 0D0E8D032993CE6C00DE4CB6 /* SceneDelegate.swift */; };
		0D0E8D0B2993CE6D00DE4CB6 /* Assets.xcassets in Resources */ = {isa = PBXBuildFile; fileRef = 0D0E8D0A2993CE6D00DE4CB6 /* Assets.xcassets */; };
		0D0E8D0E2993CE6D00DE4CB6 /* LaunchScreen.storyboard in Resources */ = {isa = PBXBuildFile; fileRef = 0D0E8D0C2993CE6D00DE4CB6 /* LaunchScreen.storyboard */; };
		0D0E8D332993D91A00DE4CB6 /* Recipe.swift in Sources */ = {isa = PBXBuildFile; fileRef = 0D0E8D322993D91A00DE4CB6 /* Recipe.swift */; };
		0D0E8D372993DA3800DE4CB6 /* SpoonacularFullRecipe.swift in Sources */ = {isa = PBXBuildFile; fileRef = 0D0E8D362993DA3800DE4CB6 /* SpoonacularFullRecipe.swift */; };
		0D0E8D3A2993DB1A00DE4CB6 /* SpoonacularRecipeTests.swift in Sources */ = {isa = PBXBuildFile; fileRef = 0D0E8D392993DB1A00DE4CB6 /* SpoonacularRecipeTests.swift */; };
		0D0E8D3C2993DB9400DE4CB6 /* TestSpoonacularRecipeJSON.swift in Sources */ = {isa = PBXBuildFile; fileRef = 0D0E8D3B2993DB9400DE4CB6 /* TestSpoonacularRecipeJSON.swift */; };
		0D0E8D3F2993DDA400DE4CB6 /* SpoonacularAPI.swift in Sources */ = {isa = PBXBuildFile; fileRef = 0D0E8D3E2993DDA400DE4CB6 /* SpoonacularAPI.swift */; };
		0D0E8D412993DDB800DE4CB6 /* RecipeAPI.swift in Sources */ = {isa = PBXBuildFile; fileRef = 0D0E8D402993DDB800DE4CB6 /* RecipeAPI.swift */; };
		0D0E8D442993DF8500DE4CB6 /* Alamofire in Frameworks */ = {isa = PBXBuildFile; productRef = 0D0E8D432993DF8500DE4CB6 /* Alamofire */; };
		0D0E8D462993E39A00DE4CB6 /* SpoonacularPaginatedResponse.swift in Sources */ = {isa = PBXBuildFile; fileRef = 0D0E8D452993E39A00DE4CB6 /* SpoonacularPaginatedResponse.swift */; };
		0D0E8D482993E59E00DE4CB6 /* SpoonacularMinimalRecipe.swift in Sources */ = {isa = PBXBuildFile; fileRef = 0D0E8D472993E59E00DE4CB6 /* SpoonacularMinimalRecipe.swift */; };
		0D0E8D4B2993E81B00DE4CB6 /* TestSpoonacularComplexSearchJSON.swift in Sources */ = {isa = PBXBuildFile; fileRef = 0D0E8D4A2993E81B00DE4CB6 /* TestSpoonacularComplexSearchJSON.swift */; };
		0D0E8D4D2993E86100DE4CB6 /* SpoonacularPaginatedResponseTests.swift in Sources */ = {isa = PBXBuildFile; fileRef = 0D0E8D4C2993E86100DE4CB6 /* SpoonacularPaginatedResponseTests.swift */; };
		0D0E8D4F2993EAE000DE4CB6 /* RecipeCache.swift in Sources */ = {isa = PBXBuildFile; fileRef = 0D0E8D4E2993EAE000DE4CB6 /* RecipeCache.swift */; };
		0D0E8D512993EBD400DE4CB6 /* RecipeRepository.swift in Sources */ = {isa = PBXBuildFile; fileRef = 0D0E8D502993EBD400DE4CB6 /* RecipeRepository.swift */; };
		0D0E8D532993F28700DE4CB6 /* RecipeRepositoryTest.swift in Sources */ = {isa = PBXBuildFile; fileRef = 0D0E8D522993F28700DE4CB6 /* RecipeRepositoryTest.swift */; };
		0D0E8D572993F3D900DE4CB6 /* RecipeCacheStub.swift in Sources */ = {isa = PBXBuildFile; fileRef = 0D0E8D562993F3D900DE4CB6 /* RecipeCacheStub.swift */; };
		0D0E8D592993F45A00DE4CB6 /* RecipeAPIMock.swift in Sources */ = {isa = PBXBuildFile; fileRef = 0D0E8D582993F45A00DE4CB6 /* RecipeAPIMock.swift */; };
		0D0E8D5B2993F5DD00DE4CB6 /* RecipeCacheMock.swift in Sources */ = {isa = PBXBuildFile; fileRef = 0D0E8D5A2993F5DD00DE4CB6 /* RecipeCacheMock.swift */; };
		0D0E8D5D2993F6E900DE4CB6 /* RecipeAPIStub.swift in Sources */ = {isa = PBXBuildFile; fileRef = 0D0E8D5C2993F6E900DE4CB6 /* RecipeAPIStub.swift */; };
		0D0E8D5F2993F90D00DE4CB6 /* InMemoryRecipeCache.swift in Sources */ = {isa = PBXBuildFile; fileRef = 0D0E8D5E2993F90D00DE4CB6 /* InMemoryRecipeCache.swift */; };
		0D0E8D622993FB0D00DE4CB6 /* Coordinator.swift in Sources */ = {isa = PBXBuildFile; fileRef = 0D0E8D612993FB0D00DE4CB6 /* Coordinator.swift */; };
		0D0E8D642993FB4E00DE4CB6 /* AppCoordinator.swift in Sources */ = {isa = PBXBuildFile; fileRef = 0D0E8D632993FB4E00DE4CB6 /* AppCoordinator.swift */; };
		0D0E8D66299412CD00DE4CB6 /* RecipeListCoordinator.swift in Sources */ = {isa = PBXBuildFile; fileRef = 0D0E8D65299412CD00DE4CB6 /* RecipeListCoordinator.swift */; };
		0D0E8D682994131500DE4CB6 /* RecipeSearchCoordinator.swift in Sources */ = {isa = PBXBuildFile; fileRef = 0D0E8D672994131500DE4CB6 /* RecipeSearchCoordinator.swift */; };
		0D0E8D6B2994149700DE4CB6 /* RecipeListTableViewController.swift in Sources */ = {isa = PBXBuildFile; fileRef = 0D0E8D6A2994149700DE4CB6 /* RecipeListTableViewController.swift */; };
		0D0E8D6D2994155700DE4CB6 /* SearchRecipeTableViewController.swift in Sources */ = {isa = PBXBuildFile; fileRef = 0D0E8D6C2994155700DE4CB6 /* SearchRecipeTableViewController.swift */; };
		0D0E8D702994169500DE4CB6 /* RecipeListViewModel.swift in Sources */ = {isa = PBXBuildFile; fileRef = 0D0E8D6F2994169500DE4CB6 /* RecipeListViewModel.swift */; };
		0D0E8D7329942C6300DE4CB6 /* RecipeTableViewCell.swift in Sources */ = {isa = PBXBuildFile; fileRef = 0D0E8D7229942C6300DE4CB6 /* RecipeTableViewCell.swift */; };
		0D0E8D7629942FE600DE4CB6 /* Kingfisher in Frameworks */ = {isa = PBXBuildFile; productRef = 0D0E8D7529942FE600DE4CB6 /* Kingfisher */; };
		0D0E8D782994377200DE4CB6 /* RepositorySearchRecipeTableViewModel.swift in Sources */ = {isa = PBXBuildFile; fileRef = 0D0E8D772994377200DE4CB6 /* RepositorySearchRecipeTableViewModel.swift */; };
		0D0E8D7A29943CA500DE4CB6 /* RecipeDetailViewController.swift in Sources */ = {isa = PBXBuildFile; fileRef = 0D0E8D7929943CA500DE4CB6 /* RecipeDetailViewController.swift */; };
		0D0E8D7D29943D0F00DE4CB6 /* Dependencies.swift in Sources */ = {isa = PBXBuildFile; fileRef = 0D0E8D7C29943D0F00DE4CB6 /* Dependencies.swift */; };
		0D0E8D7F299440DD00DE4CB6 /* RepositoryRecipeDetailViewModel.swift in Sources */ = {isa = PBXBuildFile; fileRef = 0D0E8D7E299440DD00DE4CB6 /* RepositoryRecipeDetailViewModel.swift */; };
/* End PBXBuildFile section */

/* Begin PBXContainerItemProxy section */
		0D0E8D152993CE6D00DE4CB6 /* PBXContainerItemProxy */ = {
			isa = PBXContainerItemProxy;
			containerPortal = 0D0E8CF62993CE6C00DE4CB6 /* Project object */;
			proxyType = 1;
			remoteGlobalIDString = 0D0E8CFD2993CE6C00DE4CB6;
			remoteInfo = "Tech Interview";
		};
/* End PBXContainerItemProxy section */

/* Begin PBXFileReference section */
		0D0E8CFE2993CE6C00DE4CB6 /* Tech Interview.app */ = {isa = PBXFileReference; explicitFileType = wrapper.application; includeInIndex = 0; path = "Tech Interview.app"; sourceTree = BUILT_PRODUCTS_DIR; };
		0D0E8D012993CE6C00DE4CB6 /* AppDelegate.swift */ = {isa = PBXFileReference; lastKnownFileType = sourcecode.swift; path = AppDelegate.swift; sourceTree = "<group>"; };
		0D0E8D032993CE6C00DE4CB6 /* SceneDelegate.swift */ = {isa = PBXFileReference; lastKnownFileType = sourcecode.swift; path = SceneDelegate.swift; sourceTree = "<group>"; };
		0D0E8D0A2993CE6D00DE4CB6 /* Assets.xcassets */ = {isa = PBXFileReference; lastKnownFileType = folder.assetcatalog; path = Assets.xcassets; sourceTree = "<group>"; };
		0D0E8D0D2993CE6D00DE4CB6 /* Base */ = {isa = PBXFileReference; lastKnownFileType = file.storyboard; name = Base; path = Base.lproj/LaunchScreen.storyboard; sourceTree = "<group>"; };
		0D0E8D0F2993CE6D00DE4CB6 /* Info.plist */ = {isa = PBXFileReference; lastKnownFileType = text.plist.xml; path = Info.plist; sourceTree = "<group>"; };
		0D0E8D142993CE6D00DE4CB6 /* Tech InterviewTests.xctest */ = {isa = PBXFileReference; explicitFileType = wrapper.cfbundle; includeInIndex = 0; path = "Tech InterviewTests.xctest"; sourceTree = BUILT_PRODUCTS_DIR; };
		0D0E8D322993D91A00DE4CB6 /* Recipe.swift */ = {isa = PBXFileReference; lastKnownFileType = sourcecode.swift; path = Recipe.swift; sourceTree = "<group>"; };
		0D0E8D362993DA3800DE4CB6 /* SpoonacularFullRecipe.swift */ = {isa = PBXFileReference; lastKnownFileType = sourcecode.swift; path = SpoonacularFullRecipe.swift; sourceTree = "<group>"; };
		0D0E8D392993DB1A00DE4CB6 /* SpoonacularRecipeTests.swift */ = {isa = PBXFileReference; lastKnownFileType = sourcecode.swift; path = SpoonacularRecipeTests.swift; sourceTree = "<group>"; };
		0D0E8D3B2993DB9400DE4CB6 /* TestSpoonacularRecipeJSON.swift */ = {isa = PBXFileReference; lastKnownFileType = sourcecode.swift; path = TestSpoonacularRecipeJSON.swift; sourceTree = "<group>"; };
		0D0E8D3E2993DDA400DE4CB6 /* SpoonacularAPI.swift */ = {isa = PBXFileReference; lastKnownFileType = sourcecode.swift; path = SpoonacularAPI.swift; sourceTree = "<group>"; };
		0D0E8D402993DDB800DE4CB6 /* RecipeAPI.swift */ = {isa = PBXFileReference; lastKnownFileType = sourcecode.swift; path = RecipeAPI.swift; sourceTree = "<group>"; };
		0D0E8D452993E39A00DE4CB6 /* SpoonacularPaginatedResponse.swift */ = {isa = PBXFileReference; lastKnownFileType = sourcecode.swift; path = SpoonacularPaginatedResponse.swift; sourceTree = "<group>"; };
		0D0E8D472993E59E00DE4CB6 /* SpoonacularMinimalRecipe.swift */ = {isa = PBXFileReference; lastKnownFileType = sourcecode.swift; path = SpoonacularMinimalRecipe.swift; sourceTree = "<group>"; };
		0D0E8D4A2993E81B00DE4CB6 /* TestSpoonacularComplexSearchJSON.swift */ = {isa = PBXFileReference; lastKnownFileType = sourcecode.swift; path = TestSpoonacularComplexSearchJSON.swift; sourceTree = "<group>"; };
		0D0E8D4C2993E86100DE4CB6 /* SpoonacularPaginatedResponseTests.swift */ = {isa = PBXFileReference; lastKnownFileType = sourcecode.swift; path = SpoonacularPaginatedResponseTests.swift; sourceTree = "<group>"; };
		0D0E8D4E2993EAE000DE4CB6 /* RecipeCache.swift */ = {isa = PBXFileReference; lastKnownFileType = sourcecode.swift; path = RecipeCache.swift; sourceTree = "<group>"; };
		0D0E8D502993EBD400DE4CB6 /* RecipeRepository.swift */ = {isa = PBXFileReference; lastKnownFileType = sourcecode.swift; path = RecipeRepository.swift; sourceTree = "<group>"; };
		0D0E8D522993F28700DE4CB6 /* RecipeRepositoryTest.swift */ = {isa = PBXFileReference; lastKnownFileType = sourcecode.swift; path = RecipeRepositoryTest.swift; sourceTree = "<group>"; };
		0D0E8D562993F3D900DE4CB6 /* RecipeCacheStub.swift */ = {isa = PBXFileReference; lastKnownFileType = sourcecode.swift; path = RecipeCacheStub.swift; sourceTree = "<group>"; };
		0D0E8D582993F45A00DE4CB6 /* RecipeAPIMock.swift */ = {isa = PBXFileReference; lastKnownFileType = sourcecode.swift; path = RecipeAPIMock.swift; sourceTree = "<group>"; };
		0D0E8D5A2993F5DD00DE4CB6 /* RecipeCacheMock.swift */ = {isa = PBXFileReference; lastKnownFileType = sourcecode.swift; path = RecipeCacheMock.swift; sourceTree = "<group>"; };
		0D0E8D5C2993F6E900DE4CB6 /* RecipeAPIStub.swift */ = {isa = PBXFileReference; lastKnownFileType = sourcecode.swift; path = RecipeAPIStub.swift; sourceTree = "<group>"; };
		0D0E8D5E2993F90D00DE4CB6 /* InMemoryRecipeCache.swift */ = {isa = PBXFileReference; lastKnownFileType = sourcecode.swift; path = InMemoryRecipeCache.swift; sourceTree = "<group>"; };
		0D0E8D612993FB0D00DE4CB6 /* Coordinator.swift */ = {isa = PBXFileReference; lastKnownFileType = sourcecode.swift; path = Coordinator.swift; sourceTree = "<group>"; };
		0D0E8D632993FB4E00DE4CB6 /* AppCoordinator.swift */ = {isa = PBXFileReference; lastKnownFileType = sourcecode.swift; path = AppCoordinator.swift; sourceTree = "<group>"; };
		0D0E8D65299412CD00DE4CB6 /* RecipeListCoordinator.swift */ = {isa = PBXFileReference; lastKnownFileType = sourcecode.swift; path = RecipeListCoordinator.swift; sourceTree = "<group>"; };
		0D0E8D672994131500DE4CB6 /* RecipeSearchCoordinator.swift */ = {isa = PBXFileReference; lastKnownFileType = sourcecode.swift; path = RecipeSearchCoordinator.swift; sourceTree = "<group>"; };
		0D0E8D6A2994149700DE4CB6 /* RecipeListTableViewController.swift */ = {isa = PBXFileReference; lastKnownFileType = sourcecode.swift; path = RecipeListTableViewController.swift; sourceTree = "<group>"; };
		0D0E8D6C2994155700DE4CB6 /* SearchRecipeTableViewController.swift */ = {isa = PBXFileReference; lastKnownFileType = sourcecode.swift; path = SearchRecipeTableViewController.swift; sourceTree = "<group>"; };
		0D0E8D6F2994169500DE4CB6 /* RecipeListViewModel.swift */ = {isa = PBXFileReference; lastKnownFileType = sourcecode.swift; path = RecipeListViewModel.swift; sourceTree = "<group>"; };
		0D0E8D7229942C6300DE4CB6 /* RecipeTableViewCell.swift */ = {isa = PBXFileReference; lastKnownFileType = sourcecode.swift; path = RecipeTableViewCell.swift; sourceTree = "<group>"; };
		0D0E8D772994377200DE4CB6 /* RepositorySearchRecipeTableViewModel.swift */ = {isa = PBXFileReference; lastKnownFileType = sourcecode.swift; path = RepositorySearchRecipeTableViewModel.swift; sourceTree = "<group>"; };
		0D0E8D7929943CA500DE4CB6 /* RecipeDetailViewController.swift */ = {isa = PBXFileReference; lastKnownFileType = sourcecode.swift; path = RecipeDetailViewController.swift; sourceTree = "<group>"; };
		0D0E8D7C29943D0F00DE4CB6 /* Dependencies.swift */ = {isa = PBXFileReference; lastKnownFileType = sourcecode.swift; path = Dependencies.swift; sourceTree = "<group>"; };
		0D0E8D7E299440DD00DE4CB6 /* RepositoryRecipeDetailViewModel.swift */ = {isa = PBXFileReference; lastKnownFileType = sourcecode.swift; path = RepositoryRecipeDetailViewModel.swift; sourceTree = "<group>"; };
/* End PBXFileReference section */

/* Begin PBXFrameworksBuildPhase section */
		0D0E8CFB2993CE6C00DE4CB6 /* Frameworks */ = {
			isa = PBXFrameworksBuildPhase;
			buildActionMask = 2147483647;
			files = (
				0D0E8D7629942FE600DE4CB6 /* Kingfisher in Frameworks */,
				0D0E8D442993DF8500DE4CB6 /* Alamofire in Frameworks */,
			);
			runOnlyForDeploymentPostprocessing = 0;
		};
		0D0E8D112993CE6D00DE4CB6 /* Frameworks */ = {
			isa = PBXFrameworksBuildPhase;
			buildActionMask = 2147483647;
			files = (
			);
			runOnlyForDeploymentPostprocessing = 0;
		};
/* End PBXFrameworksBuildPhase section */

/* Begin PBXGroup section */
		0D0E8CF52993CE6C00DE4CB6 = {
			isa = PBXGroup;
			children = (
				0D0E8D002993CE6C00DE4CB6 /* Tech Interview */,
				0D0E8D172993CE6D00DE4CB6 /* Tech InterviewTests */,
				0D0E8CFF2993CE6C00DE4CB6 /* Products */,
			);
			sourceTree = "<group>";
		};
		0D0E8CFF2993CE6C00DE4CB6 /* Products */ = {
			isa = PBXGroup;
			children = (
				0D0E8CFE2993CE6C00DE4CB6 /* Tech Interview.app */,
				0D0E8D142993CE6D00DE4CB6 /* Tech InterviewTests.xctest */,
			);
			name = Products;
			sourceTree = "<group>";
		};
		0D0E8D002993CE6C00DE4CB6 /* Tech Interview */ = {
			isa = PBXGroup;
			children = (
				0D0E8D7B29943D0400DE4CB6 /* Utilities */,
				0D0E8D6E2994168900DE4CB6 /* ViewModels */,
				0D0E8D692994147800DE4CB6 /* Views */,
				0D0E8D602993FB0200DE4CB6 /* Coordinators */,
				0D0E8D342993DA0800DE4CB6 /* Repositories */,
				0D0E8D312993D89B00DE4CB6 /* Model */,
				0D0E8D492993E7C500DE4CB6 /* Supporting Files */,
				0D0E8D0F2993CE6D00DE4CB6 /* Info.plist */,
			);
			path = "Tech Interview";
			sourceTree = "<group>";
		};
		0D0E8D172993CE6D00DE4CB6 /* Tech InterviewTests */ = {
			isa = PBXGroup;
			children = (
				0D0E8D552993F3BA00DE4CB6 /* Mocks */,
				0D0E8D542993F3A500DE4CB6 /* Stubs */,
				0D0E8D382993DB0100DE4CB6 /* SpoonacularAPI */,
				0D0E8D522993F28700DE4CB6 /* RecipeRepositoryTest.swift */,
			);
			path = "Tech InterviewTests";
			sourceTree = "<group>";
		};
		0D0E8D312993D89B00DE4CB6 /* Model */ = {
			isa = PBXGroup;
			children = (
				0D0E8D322993D91A00DE4CB6 /* Recipe.swift */,
			);
			path = Model;
			sourceTree = "<group>";
		};
		0D0E8D342993DA0800DE4CB6 /* Repositories */ = {
			isa = PBXGroup;
			children = (
				0D0E8D402993DDB800DE4CB6 /* RecipeAPI.swift */,
				0D0E8D4E2993EAE000DE4CB6 /* RecipeCache.swift */,
				0D0E8D352993DA1A00DE4CB6 /* SpoonacularAPI */,
				0D0E8D502993EBD400DE4CB6 /* RecipeRepository.swift */,
				0D0E8D5E2993F90D00DE4CB6 /* InMemoryRecipeCache.swift */,
			);
			path = Repositories;
			sourceTree = "<group>";
		};
		0D0E8D352993DA1A00DE4CB6 /* SpoonacularAPI */ = {
			isa = PBXGroup;
			children = (
				0D0E8D3E2993DDA400DE4CB6 /* SpoonacularAPI.swift */,
				0D0E8D362993DA3800DE4CB6 /* SpoonacularFullRecipe.swift */,
				0D0E8D452993E39A00DE4CB6 /* SpoonacularPaginatedResponse.swift */,
				0D0E8D472993E59E00DE4CB6 /* SpoonacularMinimalRecipe.swift */,
			);
			path = SpoonacularAPI;
			sourceTree = "<group>";
		};
		0D0E8D382993DB0100DE4CB6 /* SpoonacularAPI */ = {
			isa = PBXGroup;
			children = (
				0D0E8D3D2993DBB500DE4CB6 /* TestJSON */,
				0D0E8D392993DB1A00DE4CB6 /* SpoonacularRecipeTests.swift */,
				0D0E8D4C2993E86100DE4CB6 /* SpoonacularPaginatedResponseTests.swift */,
			);
			path = SpoonacularAPI;
			sourceTree = "<group>";
		};
		0D0E8D3D2993DBB500DE4CB6 /* TestJSON */ = {
			isa = PBXGroup;
			children = (
				0D0E8D3B2993DB9400DE4CB6 /* TestSpoonacularRecipeJSON.swift */,
				0D0E8D4A2993E81B00DE4CB6 /* TestSpoonacularComplexSearchJSON.swift */,
			);
			path = TestJSON;
			sourceTree = "<group>";
		};
		0D0E8D492993E7C500DE4CB6 /* Supporting Files */ = {
			isa = PBXGroup;
			children = (
				0D0E8D012993CE6C00DE4CB6 /* AppDelegate.swift */,
				0D0E8D032993CE6C00DE4CB6 /* SceneDelegate.swift */,
				0D0E8D0A2993CE6D00DE4CB6 /* Assets.xcassets */,
				0D0E8D0C2993CE6D00DE4CB6 /* LaunchScreen.storyboard */,
			);
			path = "Supporting Files";
			sourceTree = "<group>";
		};
		0D0E8D542993F3A500DE4CB6 /* Stubs */ = {
			isa = PBXGroup;
			children = (
				0D0E8D562993F3D900DE4CB6 /* RecipeCacheStub.swift */,
				0D0E8D5C2993F6E900DE4CB6 /* RecipeAPIStub.swift */,
			);
			path = Stubs;
			sourceTree = "<group>";
		};
		0D0E8D552993F3BA00DE4CB6 /* Mocks */ = {
			isa = PBXGroup;
			children = (
				0D0E8D582993F45A00DE4CB6 /* RecipeAPIMock.swift */,
				0D0E8D5A2993F5DD00DE4CB6 /* RecipeCacheMock.swift */,
			);
			path = Mocks;
			sourceTree = "<group>";
		};
		0D0E8D602993FB0200DE4CB6 /* Coordinators */ = {
			isa = PBXGroup;
			children = (
				0D0E8D612993FB0D00DE4CB6 /* Coordinator.swift */,
				0D0E8D632993FB4E00DE4CB6 /* AppCoordinator.swift */,
				0D0E8D65299412CD00DE4CB6 /* RecipeListCoordinator.swift */,
				0D0E8D672994131500DE4CB6 /* RecipeSearchCoordinator.swift */,
			);
			path = Coordinators;
			sourceTree = "<group>";
		};
		0D0E8D692994147800DE4CB6 /* Views */ = {
			isa = PBXGroup;
			children = (
				0D0E8D7129942C1C00DE4CB6 /* Cells */,
				0D0E8D6A2994149700DE4CB6 /* RecipeListTableViewController.swift */,
				0D0E8D6C2994155700DE4CB6 /* SearchRecipeTableViewController.swift */,
				0D0E8D7929943CA500DE4CB6 /* RecipeDetailViewController.swift */,
			);
			path = Views;
			sourceTree = "<group>";
		};
		0D0E8D6E2994168900DE4CB6 /* ViewModels */ = {
			isa = PBXGroup;
			children = (
				0D0E8D6F2994169500DE4CB6 /* RecipeListViewModel.swift */,
				0D0E8D772994377200DE4CB6 /* RepositorySearchRecipeTableViewModel.swift */,
				0D0E8D7E299440DD00DE4CB6 /* RepositoryRecipeDetailViewModel.swift */,
			);
			path = ViewModels;
			sourceTree = "<group>";
		};
		0D0E8D7129942C1C00DE4CB6 /* Cells */ = {
			isa = PBXGroup;
			children = (
				0D0E8D7229942C6300DE4CB6 /* RecipeTableViewCell.swift */,
			);
			path = Cells;
			sourceTree = "<group>";
		};
		0D0E8D7B29943D0400DE4CB6 /* Utilities */ = {
			isa = PBXGroup;
			children = (
				0D0E8D7C29943D0F00DE4CB6 /* Dependencies.swift */,
			);
			path = Utilities;
			sourceTree = "<group>";
		};
/* End PBXGroup section */

/* Begin PBXNativeTarget section */
		0D0E8CFD2993CE6C00DE4CB6 /* Tech Interview */ = {
			isa = PBXNativeTarget;
			buildConfigurationList = 0D0E8D282993CE6D00DE4CB6 /* Build configuration list for PBXNativeTarget "Tech Interview" */;
			buildPhases = (
				0D0E8CFA2993CE6C00DE4CB6 /* Sources */,
				0D0E8CFB2993CE6C00DE4CB6 /* Frameworks */,
				0D0E8CFC2993CE6C00DE4CB6 /* Resources */,
			);
			buildRules = (
			);
			dependencies = (
			);
			name = "Tech Interview";
			packageProductDependencies = (
				0D0E8D432993DF8500DE4CB6 /* Alamofire */,
				0D0E8D7529942FE600DE4CB6 /* Kingfisher */,
			);
			productName = "Tech Interview";
			productReference = 0D0E8CFE2993CE6C00DE4CB6 /* Tech Interview.app */;
			productType = "com.apple.product-type.application";
		};
		0D0E8D132993CE6D00DE4CB6 /* Tech InterviewTests */ = {
			isa = PBXNativeTarget;
			buildConfigurationList = 0D0E8D2B2993CE6D00DE4CB6 /* Build configuration list for PBXNativeTarget "Tech InterviewTests" */;
			buildPhases = (
				0D0E8D102993CE6D00DE4CB6 /* Sources */,
				0D0E8D112993CE6D00DE4CB6 /* Frameworks */,
				0D0E8D122993CE6D00DE4CB6 /* Resources */,
			);
			buildRules = (
			);
			dependencies = (
				0D0E8D162993CE6D00DE4CB6 /* PBXTargetDependency */,
			);
			name = "Tech InterviewTests";
			productName = "Tech InterviewTests";
			productReference = 0D0E8D142993CE6D00DE4CB6 /* Tech InterviewTests.xctest */;
			productType = "com.apple.product-type.bundle.unit-test";
		};
/* End PBXNativeTarget section */

/* Begin PBXProject section */
		0D0E8CF62993CE6C00DE4CB6 /* Project object */ = {
			isa = PBXProject;
			attributes = {
				BuildIndependentTargetsInParallel = 1;
				LastSwiftUpdateCheck = 1400;
				LastUpgradeCheck = 1400;
				TargetAttributes = {
					0D0E8CFD2993CE6C00DE4CB6 = {
						CreatedOnToolsVersion = 14.0;
					};
					0D0E8D132993CE6D00DE4CB6 = {
						CreatedOnToolsVersion = 14.0;
						TestTargetID = 0D0E8CFD2993CE6C00DE4CB6;
					};
				};
			};
			buildConfigurationList = 0D0E8CF92993CE6C00DE4CB6 /* Build configuration list for PBXProject "Tech Interview" */;
			compatibilityVersion = "Xcode 14.0";
			developmentRegion = en;
			hasScannedForEncodings = 0;
			knownRegions = (
				en,
				Base,
			);
			mainGroup = 0D0E8CF52993CE6C00DE4CB6;
			packageReferences = (
				0D0E8D422993DF8500DE4CB6 /* XCRemoteSwiftPackageReference "Alamofire" */,
				0D0E8D7429942FE600DE4CB6 /* XCRemoteSwiftPackageReference "Kingfisher" */,
			);
			productRefGroup = 0D0E8CFF2993CE6C00DE4CB6 /* Products */;
			projectDirPath = "";
			projectRoot = "";
			targets = (
				0D0E8CFD2993CE6C00DE4CB6 /* Tech Interview */,
				0D0E8D132993CE6D00DE4CB6 /* Tech InterviewTests */,
			);
		};
/* End PBXProject section */

/* Begin PBXResourcesBuildPhase section */
		0D0E8CFC2993CE6C00DE4CB6 /* Resources */ = {
			isa = PBXResourcesBuildPhase;
			buildActionMask = 2147483647;
			files = (
				0D0E8D0E2993CE6D00DE4CB6 /* LaunchScreen.storyboard in Resources */,
				0D0E8D0B2993CE6D00DE4CB6 /* Assets.xcassets in Resources */,
			);
			runOnlyForDeploymentPostprocessing = 0;
		};
		0D0E8D122993CE6D00DE4CB6 /* Resources */ = {
			isa = PBXResourcesBuildPhase;
			buildActionMask = 2147483647;
			files = (
			);
			runOnlyForDeploymentPostprocessing = 0;
		};
/* End PBXResourcesBuildPhase section */

/* Begin PBXSourcesBuildPhase section */
		0D0E8CFA2993CE6C00DE4CB6 /* Sources */ = {
			isa = PBXSourcesBuildPhase;
			buildActionMask = 2147483647;
			files = (
				0D0E8D332993D91A00DE4CB6 /* Recipe.swift in Sources */,
				0D0E8D6B2994149700DE4CB6 /* RecipeListTableViewController.swift in Sources */,
				0D0E8D3F2993DDA400DE4CB6 /* SpoonacularAPI.swift in Sources */,
				0D0E8D642993FB4E00DE4CB6 /* AppCoordinator.swift in Sources */,
				0D0E8D412993DDB800DE4CB6 /* RecipeAPI.swift in Sources */,
				0D0E8D6D2994155700DE4CB6 /* SearchRecipeTableViewController.swift in Sources */,
				0D0E8D7D29943D0F00DE4CB6 /* Dependencies.swift in Sources */,
				0D0E8D4F2993EAE000DE4CB6 /* RecipeCache.swift in Sources */,
				0D0E8D372993DA3800DE4CB6 /* SpoonacularFullRecipe.swift in Sources */,
				0D0E8D702994169500DE4CB6 /* RecipeListViewModel.swift in Sources */,
				0D0E8D022993CE6C00DE4CB6 /* AppDelegate.swift in Sources */,
				0D0E8D682994131500DE4CB6 /* RecipeSearchCoordinator.swift in Sources */,
				0D0E8D042993CE6C00DE4CB6 /* SceneDelegate.swift in Sources */,
				0D0E8D7329942C6300DE4CB6 /* RecipeTableViewCell.swift in Sources */,
				0D0E8D66299412CD00DE4CB6 /* RecipeListCoordinator.swift in Sources */,
				0D0E8D5F2993F90D00DE4CB6 /* InMemoryRecipeCache.swift in Sources */,
				0D0E8D622993FB0D00DE4CB6 /* Coordinator.swift in Sources */,
				0D0E8D7A29943CA500DE4CB6 /* RecipeDetailViewController.swift in Sources */,
				0D0E8D462993E39A00DE4CB6 /* SpoonacularPaginatedResponse.swift in Sources */,
				0D0E8D482993E59E00DE4CB6 /* SpoonacularMinimalRecipe.swift in Sources */,
				0D0E8D512993EBD400DE4CB6 /* RecipeRepository.swift in Sources */,
				0D0E8D782994377200DE4CB6 /* RepositorySearchRecipeTableViewModel.swift in Sources */,
				0D0E8D7F299440DD00DE4CB6 /* RepositoryRecipeDetailViewModel.swift in Sources */,
			);
			runOnlyForDeploymentPostprocessing = 0;
		};
		0D0E8D102993CE6D00DE4CB6 /* Sources */ = {
			isa = PBXSourcesBuildPhase;
			buildActionMask = 2147483647;
			files = (
				0D0E8D4B2993E81B00DE4CB6 /* TestSpoonacularComplexSearchJSON.swift in Sources */,
				0D0E8D532993F28700DE4CB6 /* RecipeRepositoryTest.swift in Sources */,
				0D0E8D5B2993F5DD00DE4CB6 /* RecipeCacheMock.swift in Sources */,
				0D0E8D592993F45A00DE4CB6 /* RecipeAPIMock.swift in Sources */,
				0D0E8D572993F3D900DE4CB6 /* RecipeCacheStub.swift in Sources */,
				0D0E8D5D2993F6E900DE4CB6 /* RecipeAPIStub.swift in Sources */,
				0D0E8D3A2993DB1A00DE4CB6 /* SpoonacularRecipeTests.swift in Sources */,
				0D0E8D4D2993E86100DE4CB6 /* SpoonacularPaginatedResponseTests.swift in Sources */,
				0D0E8D3C2993DB9400DE4CB6 /* TestSpoonacularRecipeJSON.swift in Sources */,
			);
			runOnlyForDeploymentPostprocessing = 0;
		};
/* End PBXSourcesBuildPhase section */

/* Begin PBXTargetDependency section */
		0D0E8D162993CE6D00DE4CB6 /* PBXTargetDependency */ = {
			isa = PBXTargetDependency;
			target = 0D0E8CFD2993CE6C00DE4CB6 /* Tech Interview */;
			targetProxy = 0D0E8D152993CE6D00DE4CB6 /* PBXContainerItemProxy */;
		};
/* End PBXTargetDependency section */

/* Begin PBXVariantGroup section */
		0D0E8D0C2993CE6D00DE4CB6 /* LaunchScreen.storyboard */ = {
			isa = PBXVariantGroup;
			children = (
				0D0E8D0D2993CE6D00DE4CB6 /* Base */,
			);
			name = LaunchScreen.storyboard;
			sourceTree = "<group>";
		};
/* End PBXVariantGroup section */

/* Begin XCBuildConfiguration section */
		0D0E8D262993CE6D00DE4CB6 /* Debug */ = {
			isa = XCBuildConfiguration;
			buildSettings = {
				ALWAYS_SEARCH_USER_PATHS = NO;
				CLANG_ANALYZER_NONNULL = YES;
				CLANG_ANALYZER_NUMBER_OBJECT_CONVERSION = YES_AGGRESSIVE;
				CLANG_CXX_LANGUAGE_STANDARD = "gnu++20";
				CLANG_ENABLE_MODULES = YES;
				CLANG_ENABLE_OBJC_ARC = YES;
				CLANG_ENABLE_OBJC_WEAK = YES;
				CLANG_WARN_BLOCK_CAPTURE_AUTORELEASING = YES;
				CLANG_WARN_BOOL_CONVERSION = YES;
				CLANG_WARN_COMMA = YES;
				CLANG_WARN_CONSTANT_CONVERSION = YES;
				CLANG_WARN_DEPRECATED_OBJC_IMPLEMENTATIONS = YES;
				CLANG_WARN_DIRECT_OBJC_ISA_USAGE = YES_ERROR;
				CLANG_WARN_DOCUMENTATION_COMMENTS = YES;
				CLANG_WARN_EMPTY_BODY = YES;
				CLANG_WARN_ENUM_CONVERSION = YES;
				CLANG_WARN_INFINITE_RECURSION = YES;
				CLANG_WARN_INT_CONVERSION = YES;
				CLANG_WARN_NON_LITERAL_NULL_CONVERSION = YES;
				CLANG_WARN_OBJC_IMPLICIT_RETAIN_SELF = YES;
				CLANG_WARN_OBJC_LITERAL_CONVERSION = YES;
				CLANG_WARN_OBJC_ROOT_CLASS = YES_ERROR;
				CLANG_WARN_QUOTED_INCLUDE_IN_FRAMEWORK_HEADER = YES;
				CLANG_WARN_RANGE_LOOP_ANALYSIS = YES;
				CLANG_WARN_STRICT_PROTOTYPES = YES;
				CLANG_WARN_SUSPICIOUS_MOVE = YES;
				CLANG_WARN_UNGUARDED_AVAILABILITY = YES_AGGRESSIVE;
				CLANG_WARN_UNREACHABLE_CODE = YES;
				CLANG_WARN__DUPLICATE_METHOD_MATCH = YES;
				COPY_PHASE_STRIP = NO;
				DEBUG_INFORMATION_FORMAT = dwarf;
				ENABLE_STRICT_OBJC_MSGSEND = YES;
				ENABLE_TESTABILITY = YES;
				GCC_C_LANGUAGE_STANDARD = gnu11;
				GCC_DYNAMIC_NO_PIC = NO;
				GCC_NO_COMMON_BLOCKS = YES;
				GCC_OPTIMIZATION_LEVEL = 0;
				GCC_PREPROCESSOR_DEFINITIONS = (
					"DEBUG=1",
					"$(inherited)",
				);
				GCC_WARN_64_TO_32_BIT_CONVERSION = YES;
				GCC_WARN_ABOUT_RETURN_TYPE = YES_ERROR;
				GCC_WARN_UNDECLARED_SELECTOR = YES;
				GCC_WARN_UNINITIALIZED_AUTOS = YES_AGGRESSIVE;
				GCC_WARN_UNUSED_FUNCTION = YES;
				GCC_WARN_UNUSED_VARIABLE = YES;
				IPHONEOS_DEPLOYMENT_TARGET = 16.0;
				MTL_ENABLE_DEBUG_INFO = INCLUDE_SOURCE;
				MTL_FAST_MATH = YES;
				ONLY_ACTIVE_ARCH = YES;
				SDKROOT = iphoneos;
				SWIFT_ACTIVE_COMPILATION_CONDITIONS = DEBUG;
				SWIFT_OPTIMIZATION_LEVEL = "-Onone";
			};
			name = Debug;
		};
		0D0E8D272993CE6D00DE4CB6 /* Release */ = {
			isa = XCBuildConfiguration;
			buildSettings = {
				ALWAYS_SEARCH_USER_PATHS = NO;
				CLANG_ANALYZER_NONNULL = YES;
				CLANG_ANALYZER_NUMBER_OBJECT_CONVERSION = YES_AGGRESSIVE;
				CLANG_CXX_LANGUAGE_STANDARD = "gnu++20";
				CLANG_ENABLE_MODULES = YES;
				CLANG_ENABLE_OBJC_ARC = YES;
				CLANG_ENABLE_OBJC_WEAK = YES;
				CLANG_WARN_BLOCK_CAPTURE_AUTORELEASING = YES;
				CLANG_WARN_BOOL_CONVERSION = YES;
				CLANG_WARN_COMMA = YES;
				CLANG_WARN_CONSTANT_CONVERSION = YES;
				CLANG_WARN_DEPRECATED_OBJC_IMPLEMENTATIONS = YES;
				CLANG_WARN_DIRECT_OBJC_ISA_USAGE = YES_ERROR;
				CLANG_WARN_DOCUMENTATION_COMMENTS = YES;
				CLANG_WARN_EMPTY_BODY = YES;
				CLANG_WARN_ENUM_CONVERSION = YES;
				CLANG_WARN_INFINITE_RECURSION = YES;
				CLANG_WARN_INT_CONVERSION = YES;
				CLANG_WARN_NON_LITERAL_NULL_CONVERSION = YES;
				CLANG_WARN_OBJC_IMPLICIT_RETAIN_SELF = YES;
				CLANG_WARN_OBJC_LITERAL_CONVERSION = YES;
				CLANG_WARN_OBJC_ROOT_CLASS = YES_ERROR;
				CLANG_WARN_QUOTED_INCLUDE_IN_FRAMEWORK_HEADER = YES;
				CLANG_WARN_RANGE_LOOP_ANALYSIS = YES;
				CLANG_WARN_STRICT_PROTOTYPES = YES;
				CLANG_WARN_SUSPICIOUS_MOVE = YES;
				CLANG_WARN_UNGUARDED_AVAILABILITY = YES_AGGRESSIVE;
				CLANG_WARN_UNREACHABLE_CODE = YES;
				CLANG_WARN__DUPLICATE_METHOD_MATCH = YES;
				COPY_PHASE_STRIP = NO;
				DEBUG_INFORMATION_FORMAT = "dwarf-with-dsym";
				ENABLE_NS_ASSERTIONS = NO;
				ENABLE_STRICT_OBJC_MSGSEND = YES;
				GCC_C_LANGUAGE_STANDARD = gnu11;
				GCC_NO_COMMON_BLOCKS = YES;
				GCC_WARN_64_TO_32_BIT_CONVERSION = YES;
				GCC_WARN_ABOUT_RETURN_TYPE = YES_ERROR;
				GCC_WARN_UNDECLARED_SELECTOR = YES;
				GCC_WARN_UNINITIALIZED_AUTOS = YES_AGGRESSIVE;
				GCC_WARN_UNUSED_FUNCTION = YES;
				GCC_WARN_UNUSED_VARIABLE = YES;
				IPHONEOS_DEPLOYMENT_TARGET = 16.0;
				MTL_ENABLE_DEBUG_INFO = NO;
				MTL_FAST_MATH = YES;
				SDKROOT = iphoneos;
				SWIFT_COMPILATION_MODE = wholemodule;
				SWIFT_OPTIMIZATION_LEVEL = "-O";
				VALIDATE_PRODUCT = YES;
			};
			name = Release;
		};
		0D0E8D292993CE6D00DE4CB6 /* Debug */ = {
			isa = XCBuildConfiguration;
			buildSettings = {
				ASSETCATALOG_COMPILER_APPICON_NAME = AppIcon;
				ASSETCATALOG_COMPILER_GLOBAL_ACCENT_COLOR_NAME = AccentColor;
				CODE_SIGN_STYLE = Automatic;
				CURRENT_PROJECT_VERSION = 1;
				DEVELOPMENT_TEAM = 25JHVANVX3;
				GENERATE_INFOPLIST_FILE = YES;
				INFOPLIST_FILE = "Tech Interview/Info.plist";
				INFOPLIST_KEY_UIApplicationSupportsIndirectInputEvents = YES;
				INFOPLIST_KEY_UILaunchStoryboardName = LaunchScreen;
				INFOPLIST_KEY_UIMainStoryboardFile = "";
				INFOPLIST_KEY_UISupportedInterfaceOrientations_iPad = "UIInterfaceOrientationPortrait UIInterfaceOrientationPortraitUpsideDown UIInterfaceOrientationLandscapeLeft UIInterfaceOrientationLandscapeRight";
				INFOPLIST_KEY_UISupportedInterfaceOrientations_iPhone = "UIInterfaceOrientationPortrait UIInterfaceOrientationLandscapeLeft UIInterfaceOrientationLandscapeRight";
				LD_RUNPATH_SEARCH_PATHS = (
					"$(inherited)",
					"@executable_path/Frameworks",
				);
				MARKETING_VERSION = 1.0;
				PRODUCT_BUNDLE_IDENTIFIER = "project.Tech-Interview";
				PRODUCT_NAME = "$(TARGET_NAME)";
				SWIFT_EMIT_LOC_STRINGS = YES;
				SWIFT_VERSION = 5.0;
				TARGETED_DEVICE_FAMILY = "1,2";
			};
			name = Debug;
		};
		0D0E8D2A2993CE6D00DE4CB6 /* Release */ = {
			isa = XCBuildConfiguration;
			buildSettings = {
				ASSETCATALOG_COMPILER_APPICON_NAME = AppIcon;
				ASSETCATALOG_COMPILER_GLOBAL_ACCENT_COLOR_NAME = AccentColor;
				CODE_SIGN_STYLE = Automatic;
				CURRENT_PROJECT_VERSION = 1;
				DEVELOPMENT_TEAM = 25JHVANVX3;
				GENERATE_INFOPLIST_FILE = YES;
				INFOPLIST_FILE = "Tech Interview/Info.plist";
				INFOPLIST_KEY_UIApplicationSupportsIndirectInputEvents = YES;
				INFOPLIST_KEY_UILaunchStoryboardName = LaunchScreen;
				INFOPLIST_KEY_UIMainStoryboardFile = "";
				INFOPLIST_KEY_UISupportedInterfaceOrientations_iPad = "UIInterfaceOrientationPortrait UIInterfaceOrientationPortraitUpsideDown UIInterfaceOrientationLandscapeLeft UIInterfaceOrientationLandscapeRight";
				INFOPLIST_KEY_UISupportedInterfaceOrientations_iPhone = "UIInterfaceOrientationPortrait UIInterfaceOrientationLandscapeLeft UIInterfaceOrientationLandscapeRight";
				LD_RUNPATH_SEARCH_PATHS = (
					"$(inherited)",
					"@executable_path/Frameworks",
				);
				MARKETING_VERSION = 1.0;
				PRODUCT_BUNDLE_IDENTIFIER = "project.Tech-Interview";
				PRODUCT_NAME = "$(TARGET_NAME)";
				SWIFT_EMIT_LOC_STRINGS = YES;
				SWIFT_VERSION = 5.0;
				TARGETED_DEVICE_FAMILY = "1,2";
			};
			name = Release;
		};
		0D0E8D2C2993CE6D00DE4CB6 /* Debug */ = {
			isa = XCBuildConfiguration;
			buildSettings = {
				ALWAYS_EMBED_SWIFT_STANDARD_LIBRARIES = YES;
				BUNDLE_LOADER = "$(TEST_HOST)";
				CODE_SIGN_STYLE = Automatic;
				CURRENT_PROJECT_VERSION = 1;
				DEVELOPMENT_TEAM = 25JHVANVX3;
				GENERATE_INFOPLIST_FILE = YES;
				IPHONEOS_DEPLOYMENT_TARGET = 16.0;
				MARKETING_VERSION = 1.0;
				PRODUCT_BUNDLE_IDENTIFIER = "project.Tech-InterviewTests";
				PRODUCT_NAME = "$(TARGET_NAME)";
				SWIFT_EMIT_LOC_STRINGS = NO;
				SWIFT_VERSION = 5.0;
				TARGETED_DEVICE_FAMILY = "1,2";
				TEST_HOST = "$(BUILT_PRODUCTS_DIR)/Tech Interview.app/$(BUNDLE_EXECUTABLE_FOLDER_PATH)/Tech Interview";
			};
			name = Debug;
		};
		0D0E8D2D2993CE6D00DE4CB6 /* Release */ = {
			isa = XCBuildConfiguration;
			buildSettings = {
				ALWAYS_EMBED_SWIFT_STANDARD_LIBRARIES = YES;
				BUNDLE_LOADER = "$(TEST_HOST)";
				CODE_SIGN_STYLE = Automatic;
				CURRENT_PROJECT_VERSION = 1;
				DEVELOPMENT_TEAM = 25JHVANVX3;
				GENERATE_INFOPLIST_FILE = YES;
				IPHONEOS_DEPLOYMENT_TARGET = 16.0;
				MARKETING_VERSION = 1.0;
				PRODUCT_BUNDLE_IDENTIFIER = "project.Tech-InterviewTests";
				PRODUCT_NAME = "$(TARGET_NAME)";
				SWIFT_EMIT_LOC_STRINGS = NO;
				SWIFT_VERSION = 5.0;
				TARGETED_DEVICE_FAMILY = "1,2";
				TEST_HOST = "$(BUILT_PRODUCTS_DIR)/Tech Interview.app/$(BUNDLE_EXECUTABLE_FOLDER_PATH)/Tech Interview";
			};
			name = Release;
		};
/* End XCBuildConfiguration section */

/* Begin XCConfigurationList section */
		0D0E8CF92993CE6C00DE4CB6 /* Build configuration list for PBXProject "Tech Interview" */ = {
			isa = XCConfigurationList;
			buildConfigurations = (
				0D0E8D262993CE6D00DE4CB6 /* Debug */,
				0D0E8D272993CE6D00DE4CB6 /* Release */,
			);
			defaultConfigurationIsVisible = 0;
			defaultConfigurationName = Release;
		};
		0D0E8D282993CE6D00DE4CB6 /* Build configuration list for PBXNativeTarget "Tech Interview" */ = {
			isa = XCConfigurationList;
			buildConfigurations = (
				0D0E8D292993CE6D00DE4CB6 /* Debug */,
				0D0E8D2A2993CE6D00DE4CB6 /* Release */,
			);
			defaultConfigurationIsVisible = 0;
			defaultConfigurationName = Release;
		};
		0D0E8D2B2993CE6D00DE4CB6 /* Build configuration list for PBXNativeTarget "Tech InterviewTests" */ = {
			isa = XCConfigurationList;
			buildConfigurations = (
				0D0E8D2C2993CE6D00DE4CB6 /* Debug */,
				0D0E8D2D2993CE6D00DE4CB6 /* Release */,
			);
			defaultConfigurationIsVisible = 0;
			defaultConfigurationName = Release;
		};
/* End XCConfigurationList section */

/* Begin XCRemoteSwiftPackageReference section */
		0D0E8D422993DF8500DE4CB6 /* XCRemoteSwiftPackageReference "Alamofire" */ = {
			isa = XCRemoteSwiftPackageReference;
			repositoryURL = "https://github.com/Alamofire/Alamofire.git";
			requirement = {
				kind = upToNextMajorVersion;
				minimumVersion = 5.6.1;
			};
		};
		0D0E8D7429942FE600DE4CB6 /* XCRemoteSwiftPackageReference "Kingfisher" */ = {
			isa = XCRemoteSwiftPackageReference;
			repositoryURL = "https://github.com/onevcat/Kingfisher.git";
			requirement = {
				kind = upToNextMajorVersion;
				minimumVersion = 7.0.0;
			};
		};
/* End XCRemoteSwiftPackageReference section */

/* Begin XCSwiftPackageProductDependency section */
		0D0E8D432993DF8500DE4CB6 /* Alamofire */ = {
			isa = XCSwiftPackageProductDependency;
			package = 0D0E8D422993DF8500DE4CB6 /* XCRemoteSwiftPackageReference "Alamofire" */;
			productName = Alamofire;
		};
		0D0E8D7529942FE600DE4CB6 /* Kingfisher */ = {
			isa = XCSwiftPackageProductDependency;
			package = 0D0E8D7429942FE600DE4CB6 /* XCRemoteSwiftPackageReference "Kingfisher" */;
			productName = Kingfisher;
		};
/* End XCSwiftPackageProductDependency section */
	};
	rootObject = 0D0E8CF62993CE6C00DE4CB6 /* Project object */;
}
